
Microsoft Visual Studio Solution File, Format Version 12.00
# Visual Studio Version 16
VisualStudioVersion = 16.0.30523.141
MinimumVisualStudioVersion = 10.0.40219.1
Project("{FAE04EC0-301F-11D3-BF4B-00C04F79EFBC}") = "Login", "Login\Login.csproj", "{DA17E637-0FD0-4A9C-9AED-2FEB3BE01C3A}"
EndProject
Global
	GlobalSection(SolutionConfigurationPlatforms) = preSolution
		Debug|Any CPU = Debug|Any CPU
		Release|Any CPU = Release|Any CPU
	EndGlobalSection
	GlobalSection(ProjectConfigurationPlatforms) = postSolution
		{DA17E637-0FD0-4A9C-9AED-2FEB3BE01C3A}.Debug|Any CPU.ActiveCfg = Debug|Any CPU
		{DA17E637-0FD0-4A9C-9AED-2FEB3BE01C3A}.Debug|Any CPU.Build.0 = Debug|Any CPU
		{DA17E637-0FD0-4A9C-9AED-2FEB3BE01C3A}.Release|Any CPU.ActiveCfg = Release|Any CPU
		{DA17E637-0FD0-4A9C-9AED-2FEB3BE01C3A}.Release|Any CPU.Build.0 = Release|Any CPU
	EndGlobalSection
	GlobalSection(SolutionProperties) = preSolution
		HideSolutionNode = FALSE
	EndGlobalSection
	GlobalSection(ExtensibilityGlobals) = postSolution
		SolutionGuid = {65688958-40CA-41B4-9C7B-4581A86A18EC}
	EndGlobalSection
EndGlobal
